
Microsoft Visual Studio Solution File, Format Version 12.00
# Visual Studio Version 16
VisualStudioVersion = 16.0.31515.178
MinimumVisualStudioVersion = 10.0.40219.1
Project("{9A19103F-16F7-4668-BE54-9A1E7A4F7556}") = "WebApplication", "WebApplication\WebApplication.csproj", "{B51FE3CD-E661-47BB-A812-AAD42AF1F0DE}"
EndProject
Project("{FAE04EC0-301F-11D3-BF4B-00C04F79EFBC}") = "BookTest", "BookTest\BookTest.csproj", "{BC1EF445-516D-4E60-9D56-6AB3D689D98A}"
EndProject
Global
	GlobalSection(SolutionConfigurationPlatforms) = preSolution
		Debug|Any CPU = Debug|Any CPU
		Release|Any CPU = Release|Any CPU
	EndGlobalSection
	GlobalSection(ProjectConfigurationPlatforms) = postSolution
		{B51FE3CD-E661-47BB-A812-AAD42AF1F0DE}.Debug|Any CPU.ActiveCfg = Debug|Any CPU
		{B51FE3CD-E661-47BB-A812-AAD42AF1F0DE}.Debug|Any CPU.Build.0 = Debug|Any CPU
		{B51FE3CD-E661-47BB-A812-AAD42AF1F0DE}.Release|Any CPU.ActiveCfg = Release|Any CPU
		{B51FE3CD-E661-47BB-A812-AAD42AF1F0DE}.Release|Any CPU.Build.0 = Release|Any CPU
		{BC1EF445-516D-4E60-9D56-6AB3D689D98A}.Debug|Any CPU.ActiveCfg = Debug|Any CPU
		{BC1EF445-516D-4E60-9D56-6AB3D689D98A}.Debug|Any CPU.Build.0 = Debug|Any CPU
		{BC1EF445-516D-4E60-9D56-6AB3D689D98A}.Release|Any CPU.ActiveCfg = Release|Any CPU
		{BC1EF445-516D-4E60-9D56-6AB3D689D98A}.Release|Any CPU.Build.0 = Release|Any CPU
	EndGlobalSection
	GlobalSection(SolutionProperties) = preSolution
		HideSolutionNode = FALSE
	EndGlobalSection
	GlobalSection(ExtensibilityGlobals) = postSolution
		SolutionGuid = {C3C98001-90DB-4238-B296-9C45F0E0EC20}
	EndGlobalSection
EndGlobal
